
Microsoft Visual Studio Solution File, Format Version 12.00
# Visual Studio 15
VisualStudioVersion = 15.0.28307.438
MinimumVisualStudioVersion = 10.0.40219.1
Project("{FAE04EC0-301F-11D3-BF4B-00C04F79EFBC}") = "Projet_contribution", "Projet_contribution\Projet_contribution.csproj", "{3D850EFD-538A-47D1-B00F-5B71BD0BAC43}"
EndProject
Global
	GlobalSection(SolutionConfigurationPlatforms) = preSolution
		Debug|Any CPU = Debug|Any CPU
		Release|Any CPU = Release|Any CPU
	EndGlobalSection
	GlobalSection(ProjectConfigurationPlatforms) = postSolution
		{3D850EFD-538A-47D1-B00F-5B71BD0BAC43}.Debug|Any CPU.ActiveCfg = Debug|Any CPU
		{3D850EFD-538A-47D1-B00F-5B71BD0BAC43}.Debug|Any CPU.Build.0 = Debug|Any CPU
		{3D850EFD-538A-47D1-B00F-5B71BD0BAC43}.Release|Any CPU.ActiveCfg = Release|Any CPU
		{3D850EFD-538A-47D1-B00F-5B71BD0BAC43}.Release|Any CPU.Build.0 = Release|Any CPU
	EndGlobalSection
	GlobalSection(SolutionProperties) = preSolution
		HideSolutionNode = FALSE
	EndGlobalSection
	GlobalSection(ExtensibilityGlobals) = postSolution
		SolutionGuid = {355396AF-20AB-4AEB-943D-6E81D5FF23EC}
	EndGlobalSection
EndGlobal
